
Microsoft Visual Studio Solution File, Format Version 12.00
# Visual Studio Version 17
VisualStudioVersion = 17.9.34714.143
MinimumVisualStudioVersion = 10.0.40219.1
Project("{FAE04EC0-301F-11D3-BF4B-00C04F79EFBC}") = "mapa", "mapa\mapa.csproj", "{95B5F2EA-2625-4F05-8E64-8A03DE598EEE}"
EndProject
Global
	GlobalSection(SolutionConfigurationPlatforms) = preSolution
		Debug|Any CPU = Debug|Any CPU
		Release|Any CPU = Release|Any CPU
	EndGlobalSection
	GlobalSection(ProjectConfigurationPlatforms) = postSolution
		{95B5F2EA-2625-4F05-8E64-8A03DE598EEE}.Debug|Any CPU.ActiveCfg = Debug|Any CPU
		{95B5F2EA-2625-4F05-8E64-8A03DE598EEE}.Debug|Any CPU.Build.0 = Debug|Any CPU
		{95B5F2EA-2625-4F05-8E64-8A03DE598EEE}.Release|Any CPU.ActiveCfg = Release|Any CPU
		{95B5F2EA-2625-4F05-8E64-8A03DE598EEE}.Release|Any CPU.Build.0 = Release|Any CPU
	EndGlobalSection
	GlobalSection(SolutionProperties) = preSolution
		HideSolutionNode = FALSE
	EndGlobalSection
	GlobalSection(ExtensibilityGlobals) = postSolution
		SolutionGuid = {F74089F1-4932-49B5-A3C5-1B4F9ACD1EEE}
	EndGlobalSection
EndGlobal
