
Microsoft Visual Studio Solution File, Format Version 12.00
# Visual Studio Version 17
VisualStudioVersion = 17.9.34714.143
MinimumVisualStudioVersion = 10.0.40219.1
Project("{FAE04EC0-301F-11D3-BF4B-00C04F79EFBC}") = "wannabeduolingo", "wannabeduolingo\wannabeduolingo.csproj", "{C0E9D219-64CC-4B39-9068-9C692E5AA8E5}"
EndProject
Global
	GlobalSection(SolutionConfigurationPlatforms) = preSolution
		Debug|Any CPU = Debug|Any CPU
		Release|Any CPU = Release|Any CPU
	EndGlobalSection
	GlobalSection(ProjectConfigurationPlatforms) = postSolution
		{C0E9D219-64CC-4B39-9068-9C692E5AA8E5}.Debug|Any CPU.ActiveCfg = Debug|Any CPU
		{C0E9D219-64CC-4B39-9068-9C692E5AA8E5}.Debug|Any CPU.Build.0 = Debug|Any CPU
		{C0E9D219-64CC-4B39-9068-9C692E5AA8E5}.Release|Any CPU.ActiveCfg = Release|Any CPU
		{C0E9D219-64CC-4B39-9068-9C692E5AA8E5}.Release|Any CPU.Build.0 = Release|Any CPU
	EndGlobalSection
	GlobalSection(SolutionProperties) = preSolution
		HideSolutionNode = FALSE
	EndGlobalSection
	GlobalSection(ExtensibilityGlobals) = postSolution
		SolutionGuid = {5B685A77-D819-46B9-9AAA-290C5CF1F35B}
	EndGlobalSection
EndGlobal
